// !$*UTF8*$!
{
	archiveVersion = 1;
	classes = {
	};
	objectVersion = 55;
	objects = {

/* Begin PBXBuildFile section */
		EEA5320928CD43B600541173 /* DetailsCell.swift in Sources */ = {isa = PBXBuildFile; fileRef = EEA5320828CD43B600541173 /* DetailsCell.swift */; };
		EEA5320C28CD57EE00541173 /* UILabel+Extensions.swift in Sources */ = {isa = PBXBuildFile; fileRef = EEA5320B28CD57EE00541173 /* UILabel+Extensions.swift */; };
		EEA5320E28CDAF8700541173 /* MockService.swift in Sources */ = {isa = PBXBuildFile; fileRef = EEA5320D28CDAF8700541173 /* MockService.swift */; };
		EEA5321228CDB12300541173 /* Bundle+Extension.swift in Sources */ = {isa = PBXBuildFile; fileRef = EEA5321128CDB12300541173 /* Bundle+Extension.swift */; };
		EEA5321328CDB25000541173 /* SampleData.json in Resources */ = {isa = PBXBuildFile; fileRef = EEA5320F28CDB0DA00541173 /* SampleData.json */; };
		EEA5321928CDCB9800541173 /* DetailsViewModelTests.swift in Sources */ = {isa = PBXBuildFile; fileRef = EEA5321828CDCB9800541173 /* DetailsViewModelTests.swift */; };
		EEAC0E1F28CCD0010079567A /* AppDelegate.swift in Sources */ = {isa = PBXBuildFile; fileRef = EEAC0E1E28CCD0010079567A /* AppDelegate.swift */; };
		EEAC0E2328CCD0010079567A /* BaseViewController.swift in Sources */ = {isa = PBXBuildFile; fileRef = EEAC0E2228CCD0010079567A /* BaseViewController.swift */; };
		EEAC0E2828CCD0030079567A /* Assets.xcassets in Resources */ = {isa = PBXBuildFile; fileRef = EEAC0E2728CCD0030079567A /* Assets.xcassets */; };
		EEAC0E2B28CCD0030079567A /* LaunchScreen.storyboard in Resources */ = {isa = PBXBuildFile; fileRef = EEAC0E2928CCD0030079567A /* LaunchScreen.storyboard */; };
		EEAC0E3628CCD0030079567A /* CatalogViewModelTests.swift in Sources */ = {isa = PBXBuildFile; fileRef = EEAC0E3528CCD0030079567A /* CatalogViewModelTests.swift */; };
		EEAC0E4028CCD0030079567A /* NASAUITests.swift in Sources */ = {isa = PBXBuildFile; fileRef = EEAC0E3F28CCD0030079567A /* NASAUITests.swift */; };
		EEAC0E4228CCD0030079567A /* NASAUITestsLaunchTests.swift in Sources */ = {isa = PBXBuildFile; fileRef = EEAC0E4128CCD0030079567A /* NASAUITestsLaunchTests.swift */; };
		EEAC0E4F28CCD4EC0079567A /* BaseViewModelType.swift in Sources */ = {isa = PBXBuildFile; fileRef = EEAC0E4E28CCD4EC0079567A /* BaseViewModelType.swift */; };
		EEAC0E5128CCD5170079567A /* Coordinator.swift in Sources */ = {isa = PBXBuildFile; fileRef = EEAC0E5028CCD5170079567A /* Coordinator.swift */; };
		EEAC0E5428CCD5830079567A /* Logging.swift in Sources */ = {isa = PBXBuildFile; fileRef = EEAC0E5328CCD5830079567A /* Logging.swift */; };
		EEAC0E5628CCD6FA0079567A /* Publishers.swift in Sources */ = {isa = PBXBuildFile; fileRef = EEAC0E5528CCD6FA0079567A /* Publishers.swift */; };
		EEAC0E5928CCD72A0079567A /* UITableViewCell+Extensions.swift in Sources */ = {isa = PBXBuildFile; fileRef = EEAC0E5828CCD72A0079567A /* UITableViewCell+Extensions.swift */; };
		EEAC0E5C28CCD7B30079567A /* APIError.swift in Sources */ = {isa = PBXBuildFile; fileRef = EEAC0E5B28CCD7B30079567A /* APIError.swift */; };
		EEAC0E5F28CCD87B0079567A /* BaseCoordinator.swift in Sources */ = {isa = PBXBuildFile; fileRef = EEAC0E5E28CCD87B0079567A /* BaseCoordinator.swift */; };
		EEAC0E6228CCD9430079567A /* Client.swift in Sources */ = {isa = PBXBuildFile; fileRef = EEAC0E6128CCD9430079567A /* Client.swift */; };
		EEAC0E6428CCDB880079567A /* CatalogResponse.swift in Sources */ = {isa = PBXBuildFile; fileRef = EEAC0E6328CCDB880079567A /* CatalogResponse.swift */; };
		EEAC0E6828CCE0EB0079567A /* URLComponents+Extensions.swift in Sources */ = {isa = PBXBuildFile; fileRef = EEAC0E6728CCE0EB0079567A /* URLComponents+Extensions.swift */; };
		EEAC0E6A28CCE1110079567A /* FeedBack.swift in Sources */ = {isa = PBXBuildFile; fileRef = EEAC0E6928CCE1110079567A /* FeedBack.swift */; };
		EEAC0E6C28CCE1C70079567A /* CatalogViewModel.swift in Sources */ = {isa = PBXBuildFile; fileRef = EEAC0E6B28CCE1C70079567A /* CatalogViewModel.swift */; };
		EEAC0E7028CCE1E90079567A /* CatalogViewController.swift in Sources */ = {isa = PBXBuildFile; fileRef = EEAC0E6F28CCE1E90079567A /* CatalogViewController.swift */; };
		EEAC0E7228CCE1FE0079567A /* CatalogCoordinator.swift in Sources */ = {isa = PBXBuildFile; fileRef = EEAC0E7128CCE1FE0079567A /* CatalogCoordinator.swift */; };
		EEAC0E7428CCF7250079567A /* PaginationType.swift in Sources */ = {isa = PBXBuildFile; fileRef = EEAC0E7328CCF7250079567A /* PaginationType.swift */; };
		EEAC0E7628CD170D0079567A /* NasaService.swift in Sources */ = {isa = PBXBuildFile; fileRef = EEAC0E7528CD170D0079567A /* NasaService.swift */; };
		EEAC0E7828CD198E0079567A /* AppEnvironment.swift in Sources */ = {isa = PBXBuildFile; fileRef = EEAC0E7728CD198E0079567A /* AppEnvironment.swift */; };
		EEAC0E7D28CD1E8C0079567A /* CatalogCell.swift in Sources */ = {isa = PBXBuildFile; fileRef = EEAC0E7C28CD1E8C0079567A /* CatalogCell.swift */; };
		EEAC0E8028CD23BB0079567A /* AppCoordinator.swift in Sources */ = {isa = PBXBuildFile; fileRef = EEAC0E7F28CD23BB0079567A /* AppCoordinator.swift */; };
		EEAC0E8228CD293E0079567A /* AppTheme.swift in Sources */ = {isa = PBXBuildFile; fileRef = EEAC0E8128CD293E0079567A /* AppTheme.swift */; };
		EEAC0E8428CD341D0079567A /* UIImageView+Extension.swift in Sources */ = {isa = PBXBuildFile; fileRef = EEAC0E8328CD341D0079567A /* UIImageView+Extension.swift */; };
		EEAC0E8628CD34AA0079567A /* UIColor+Extension.swift in Sources */ = {isa = PBXBuildFile; fileRef = EEAC0E8528CD34AA0079567A /* UIColor+Extension.swift */; };
		EEAC0E8B28CD3E560079567A /* DetailsViewModel.swift in Sources */ = {isa = PBXBuildFile; fileRef = EEAC0E8A28CD3E560079567A /* DetailsViewModel.swift */; };
		EEAC0E8E28CD3E8D0079567A /* DetailsViewController.swift in Sources */ = {isa = PBXBuildFile; fileRef = EEAC0E8D28CD3E8D0079567A /* DetailsViewController.swift */; };
		EEAC0E9028CD3EA90079567A /* DetailsCoordinator.swift in Sources */ = {isa = PBXBuildFile; fileRef = EEAC0E8F28CD3EA90079567A /* DetailsCoordinator.swift */; };
/* End PBXBuildFile section */

/* Begin PBXContainerItemProxy section */
		EEAC0E3228CCD0030079567A /* PBXContainerItemProxy */ = {
			isa = PBXContainerItemProxy;
			containerPortal = EEAC0E1328CCD0010079567A /* Project object */;
			proxyType = 1;
			remoteGlobalIDString = EEAC0E1A28CCD0010079567A;
			remoteInfo = NASA;
		};
		EEAC0E3C28CCD0030079567A /* PBXContainerItemProxy */ = {
			isa = PBXContainerItemProxy;
			containerPortal = EEAC0E1328CCD0010079567A /* Project object */;
			proxyType = 1;
			remoteGlobalIDString = EEAC0E1A28CCD0010079567A;
			remoteInfo = NASA;
		};
/* End PBXContainerItemProxy section */

/* Begin PBXFileReference section */
		EEA5320828CD43B600541173 /* DetailsCell.swift */ = {isa = PBXFileReference; lastKnownFileType = sourcecode.swift; path = DetailsCell.swift; sourceTree = "<group>"; };
		EEA5320B28CD57EE00541173 /* UILabel+Extensions.swift */ = {isa = PBXFileReference; lastKnownFileType = sourcecode.swift; path = "UILabel+Extensions.swift"; sourceTree = "<group>"; };
		EEA5320D28CDAF8700541173 /* MockService.swift */ = {isa = PBXFileReference; lastKnownFileType = sourcecode.swift; path = MockService.swift; sourceTree = "<group>"; };
		EEA5320F28CDB0DA00541173 /* SampleData.json */ = {isa = PBXFileReference; lastKnownFileType = text.json; path = SampleData.json; sourceTree = "<group>"; };
		EEA5321128CDB12300541173 /* Bundle+Extension.swift */ = {isa = PBXFileReference; lastKnownFileType = sourcecode.swift; path = "Bundle+Extension.swift"; sourceTree = "<group>"; };
		EEA5321828CDCB9800541173 /* DetailsViewModelTests.swift */ = {isa = PBXFileReference; lastKnownFileType = sourcecode.swift; path = DetailsViewModelTests.swift; sourceTree = "<group>"; };
		EEAC0E1B28CCD0010079567A /* NASA.app */ = {isa = PBXFileReference; explicitFileType = wrapper.application; includeInIndex = 0; path = NASA.app; sourceTree = BUILT_PRODUCTS_DIR; };
		EEAC0E1E28CCD0010079567A /* AppDelegate.swift */ = {isa = PBXFileReference; lastKnownFileType = sourcecode.swift; path = AppDelegate.swift; sourceTree = "<group>"; };
		EEAC0E2228CCD0010079567A /* BaseViewController.swift */ = {isa = PBXFileReference; lastKnownFileType = sourcecode.swift; path = BaseViewController.swift; sourceTree = "<group>"; };
		EEAC0E2728CCD0030079567A /* Assets.xcassets */ = {isa = PBXFileReference; lastKnownFileType = folder.assetcatalog; path = Assets.xcassets; sourceTree = "<group>"; };
		EEAC0E2A28CCD0030079567A /* Base */ = {isa = PBXFileReference; lastKnownFileType = file.storyboard; name = Base; path = Base.lproj/LaunchScreen.storyboard; sourceTree = "<group>"; };
		EEAC0E2C28CCD0030079567A /* Info.plist */ = {isa = PBXFileReference; lastKnownFileType = text.plist.xml; path = Info.plist; sourceTree = "<group>"; };
		EEAC0E3128CCD0030079567A /* NASATests.xctest */ = {isa = PBXFileReference; explicitFileType = wrapper.cfbundle; includeInIndex = 0; path = NASATests.xctest; sourceTree = BUILT_PRODUCTS_DIR; };
		EEAC0E3528CCD0030079567A /* CatalogViewModelTests.swift */ = {isa = PBXFileReference; lastKnownFileType = sourcecode.swift; path = CatalogViewModelTests.swift; sourceTree = "<group>"; };
		EEAC0E3B28CCD0030079567A /* NASAUITests.xctest */ = {isa = PBXFileReference; explicitFileType = wrapper.cfbundle; includeInIndex = 0; path = NASAUITests.xctest; sourceTree = BUILT_PRODUCTS_DIR; };
		EEAC0E3F28CCD0030079567A /* NASAUITests.swift */ = {isa = PBXFileReference; lastKnownFileType = sourcecode.swift; path = NASAUITests.swift; sourceTree = "<group>"; };
		EEAC0E4128CCD0030079567A /* NASAUITestsLaunchTests.swift */ = {isa = PBXFileReference; lastKnownFileType = sourcecode.swift; path = NASAUITestsLaunchTests.swift; sourceTree = "<group>"; };
		EEAC0E4E28CCD4EC0079567A /* BaseViewModelType.swift */ = {isa = PBXFileReference; lastKnownFileType = sourcecode.swift; path = BaseViewModelType.swift; sourceTree = "<group>"; };
		EEAC0E5028CCD5170079567A /* Coordinator.swift */ = {isa = PBXFileReference; lastKnownFileType = sourcecode.swift; path = Coordinator.swift; sourceTree = "<group>"; };
		EEAC0E5328CCD5830079567A /* Logging.swift */ = {isa = PBXFileReference; lastKnownFileType = sourcecode.swift; path = Logging.swift; sourceTree = "<group>"; };
		EEAC0E5528CCD6FA0079567A /* Publishers.swift */ = {isa = PBXFileReference; lastKnownFileType = sourcecode.swift; path = Publishers.swift; sourceTree = "<group>"; };
		EEAC0E5828CCD72A0079567A /* UITableViewCell+Extensions.swift */ = {isa = PBXFileReference; lastKnownFileType = sourcecode.swift; path = "UITableViewCell+Extensions.swift"; sourceTree = "<group>"; };
		EEAC0E5B28CCD7B30079567A /* APIError.swift */ = {isa = PBXFileReference; lastKnownFileType = sourcecode.swift; path = APIError.swift; sourceTree = "<group>"; };
		EEAC0E5E28CCD87B0079567A /* BaseCoordinator.swift */ = {isa = PBXFileReference; lastKnownFileType = sourcecode.swift; path = BaseCoordinator.swift; sourceTree = "<group>"; };
		EEAC0E6128CCD9430079567A /* Client.swift */ = {isa = PBXFileReference; lastKnownFileType = sourcecode.swift; path = Client.swift; sourceTree = "<group>"; };
		EEAC0E6328CCDB880079567A /* CatalogResponse.swift */ = {isa = PBXFileReference; lastKnownFileType = sourcecode.swift; path = CatalogResponse.swift; sourceTree = "<group>"; };
		EEAC0E6728CCE0EB0079567A /* URLComponents+Extensions.swift */ = {isa = PBXFileReference; lastKnownFileType = sourcecode.swift; path = "URLComponents+Extensions.swift"; sourceTree = "<group>"; };
		EEAC0E6928CCE1110079567A /* FeedBack.swift */ = {isa = PBXFileReference; lastKnownFileType = sourcecode.swift; path = FeedBack.swift; sourceTree = "<group>"; };
		EEAC0E6B28CCE1C70079567A /* CatalogViewModel.swift */ = {isa = PBXFileReference; lastKnownFileType = sourcecode.swift; path = CatalogViewModel.swift; sourceTree = "<group>"; };
		EEAC0E6F28CCE1E90079567A /* CatalogViewController.swift */ = {isa = PBXFileReference; lastKnownFileType = sourcecode.swift; path = CatalogViewController.swift; sourceTree = "<group>"; };
		EEAC0E7128CCE1FE0079567A /* CatalogCoordinator.swift */ = {isa = PBXFileReference; lastKnownFileType = sourcecode.swift; path = CatalogCoordinator.swift; sourceTree = "<group>"; };
		EEAC0E7328CCF7250079567A /* PaginationType.swift */ = {isa = PBXFileReference; lastKnownFileType = sourcecode.swift; path = PaginationType.swift; sourceTree = "<group>"; };
		EEAC0E7528CD170D0079567A /* NasaService.swift */ = {isa = PBXFileReference; lastKnownFileType = sourcecode.swift; path = NasaService.swift; sourceTree = "<group>"; };
		EEAC0E7728CD198E0079567A /* AppEnvironment.swift */ = {isa = PBXFileReference; lastKnownFileType = sourcecode.swift; path = AppEnvironment.swift; sourceTree = "<group>"; };
		EEAC0E7A28CD1A160079567A /* AppConfig.xcconfig */ = {isa = PBXFileReference; lastKnownFileType = text.xcconfig; path = AppConfig.xcconfig; sourceTree = "<group>"; };
		EEAC0E7C28CD1E8C0079567A /* CatalogCell.swift */ = {isa = PBXFileReference; lastKnownFileType = sourcecode.swift; path = CatalogCell.swift; sourceTree = "<group>"; };
		EEAC0E7F28CD23BB0079567A /* AppCoordinator.swift */ = {isa = PBXFileReference; lastKnownFileType = sourcecode.swift; path = AppCoordinator.swift; sourceTree = "<group>"; };
		EEAC0E8128CD293E0079567A /* AppTheme.swift */ = {isa = PBXFileReference; lastKnownFileType = sourcecode.swift; path = AppTheme.swift; sourceTree = "<group>"; };
		EEAC0E8328CD341D0079567A /* UIImageView+Extension.swift */ = {isa = PBXFileReference; lastKnownFileType = sourcecode.swift; path = "UIImageView+Extension.swift"; sourceTree = "<group>"; };
		EEAC0E8528CD34AA0079567A /* UIColor+Extension.swift */ = {isa = PBXFileReference; lastKnownFileType = sourcecode.swift; path = "UIColor+Extension.swift"; sourceTree = "<group>"; };
		EEAC0E8A28CD3E560079567A /* DetailsViewModel.swift */ = {isa = PBXFileReference; lastKnownFileType = sourcecode.swift; path = DetailsViewModel.swift; sourceTree = "<group>"; };
		EEAC0E8D28CD3E8D0079567A /* DetailsViewController.swift */ = {isa = PBXFileReference; lastKnownFileType = sourcecode.swift; path = DetailsViewController.swift; sourceTree = "<group>"; };
		EEAC0E8F28CD3EA90079567A /* DetailsCoordinator.swift */ = {isa = PBXFileReference; lastKnownFileType = sourcecode.swift; path = DetailsCoordinator.swift; sourceTree = "<group>"; };
/* End PBXFileReference section */

/* Begin PBXFrameworksBuildPhase section */
		EEAC0E1828CCD0010079567A /* Frameworks */ = {
			isa = PBXFrameworksBuildPhase;
			buildActionMask = 2147483647;
			files = (
			);
			runOnlyForDeploymentPostprocessing = 0;
		};
		EEAC0E2E28CCD0030079567A /* Frameworks */ = {
			isa = PBXFrameworksBuildPhase;
			buildActionMask = 2147483647;
			files = (
			);
			runOnlyForDeploymentPostprocessing = 0;
		};
		EEAC0E3828CCD0030079567A /* Frameworks */ = {
			isa = PBXFrameworksBuildPhase;
			buildActionMask = 2147483647;
			files = (
			);
			runOnlyForDeploymentPostprocessing = 0;
		};
/* End PBXFrameworksBuildPhase section */

/* Begin PBXGroup section */
		EEA5320A28CD43B900541173 /* Views */ = {
			isa = PBXGroup;
			children = (
				EEA5320828CD43B600541173 /* DetailsCell.swift */,
			);
			path = Views;
			sourceTree = "<group>";
		};
		EEA5321728CDCB6900541173 /* Mocks */ = {
			isa = PBXGroup;
			children = (
				EEA5320D28CDAF8700541173 /* MockService.swift */,
				EEA5320F28CDB0DA00541173 /* SampleData.json */,
			);
			path = Mocks;
			sourceTree = "<group>";
		};
		EEAC0E1228CCD0010079567A = {
			isa = PBXGroup;
			children = (
				EEAC0E1D28CCD0010079567A /* NASA */,
				EEAC0E3428CCD0030079567A /* NASATests */,
				EEAC0E3E28CCD0030079567A /* NASAUITests */,
				EEAC0E1C28CCD0010079567A /* Products */,
			);
			sourceTree = "<group>";
		};
		EEAC0E1C28CCD0010079567A /* Products */ = {
			isa = PBXGroup;
			children = (
				EEAC0E1B28CCD0010079567A /* NASA.app */,
				EEAC0E3128CCD0030079567A /* NASATests.xctest */,
				EEAC0E3B28CCD0030079567A /* NASAUITests.xctest */,
			);
			name = Products;
			sourceTree = "<group>";
		};
		EEAC0E1D28CCD0010079567A /* NASA */ = {
			isa = PBXGroup;
			children = (
				EEAC0E7928CD199F0079567A /* App */,
				EEAC0E6E28CCE1D90079567A /* Modules */,
				EEAC0E5D28CCD7BE0079567A /* Networking */,
				EEAC0E5228CCD5400079567A /* Abstract */,
			);
			path = NASA;
			sourceTree = "<group>";
		};
		EEAC0E3428CCD0030079567A /* NASATests */ = {
			isa = PBXGroup;
			children = (
				EEAC0E3528CCD0030079567A /* CatalogViewModelTests.swift */,
				EEA5321828CDCB9800541173 /* DetailsViewModelTests.swift */,
				EEA5321728CDCB6900541173 /* Mocks */,
			);
			path = NASATests;
			sourceTree = "<group>";
		};
		EEAC0E3E28CCD0030079567A /* NASAUITests */ = {
			isa = PBXGroup;
			children = (
				EEAC0E3F28CCD0030079567A /* NASAUITests.swift */,
				EEAC0E4128CCD0030079567A /* NASAUITestsLaunchTests.swift */,
			);
			path = NASAUITests;
			sourceTree = "<group>";
		};
		EEAC0E5228CCD5400079567A /* Abstract */ = {
			isa = PBXGroup;
			children = (
				EEAC0E6028CCD8AA0079567A /* Base */,
				EEAC0E6628CCDF270079567A /* Logging */,
				EEAC0E6528CCDEFB0079567A /* Combine */,
				EEAC0E5728CCD7130079567A /* Extensions */,
				EEAC0E5A28CCD7520079567A /* Protocols */,
			);
			path = Abstract;
			sourceTree = "<group>";
		};
		EEAC0E5728CCD7130079567A /* Extensions */ = {
			isa = PBXGroup;
			children = (
				EEAC0E5528CCD6FA0079567A /* Publishers.swift */,
				EEA5321128CDB12300541173 /* Bundle+Extension.swift */,
				EEAC0E5828CCD72A0079567A /* UITableViewCell+Extensions.swift */,
				EEA5320B28CD57EE00541173 /* UILabel+Extensions.swift */,
				EEAC0E8328CD341D0079567A /* UIImageView+Extension.swift */,
				EEAC0E8528CD34AA0079567A /* UIColor+Extension.swift */,
				EEAC0E6728CCE0EB0079567A /* URLComponents+Extensions.swift */,
			);
			path = Extensions;
			sourceTree = "<group>";
		};
		EEAC0E5A28CCD7520079567A /* Protocols */ = {
			isa = PBXGroup;
			children = (
				EEAC0E5028CCD5170079567A /* Coordinator.swift */,
				EEAC0E7328CCF7250079567A /* PaginationType.swift */,
				EEAC0E4E28CCD4EC0079567A /* BaseViewModelType.swift */,
			);
			path = Protocols;
			sourceTree = "<group>";
		};
		EEAC0E5D28CCD7BE0079567A /* Networking */ = {
			isa = PBXGroup;
			children = (
				EEAC0E7528CD170D0079567A /* NasaService.swift */,
				EEAC0E8928CD3B6F0079567A /* Models & Errors */,
			);
			path = Networking;
			sourceTree = "<group>";
		};
		EEAC0E6028CCD8AA0079567A /* Base */ = {
			isa = PBXGroup;
			children = (
				EEAC0E5E28CCD87B0079567A /* BaseCoordinator.swift */,
				EEAC0E2228CCD0010079567A /* BaseViewController.swift */,
			);
			path = Base;
			sourceTree = "<group>";
		};
		EEAC0E6528CCDEFB0079567A /* Combine */ = {
			isa = PBXGroup;
			children = (
				EEAC0E6128CCD9430079567A /* Client.swift */,
				EEAC0E6928CCE1110079567A /* FeedBack.swift */,
			);
			path = Combine;
			sourceTree = "<group>";
		};
		EEAC0E6628CCDF270079567A /* Logging */ = {
			isa = PBXGroup;
			children = (
				EEAC0E5328CCD5830079567A /* Logging.swift */,
			);
			path = Logging;
			sourceTree = "<group>";
		};
		EEAC0E6D28CCE1CA0079567A /* Catalog */ = {
			isa = PBXGroup;
			children = (
				EEAC0E6B28CCE1C70079567A /* CatalogViewModel.swift */,
				EEAC0E7128CCE1FE0079567A /* CatalogCoordinator.swift */,
				EEAC0E6F28CCE1E90079567A /* CatalogViewController.swift */,
				EEAC0E7E28CD1E910079567A /* Views */,
			);
			path = Catalog;
			sourceTree = "<group>";
		};
		EEAC0E6E28CCE1D90079567A /* Modules */ = {
			isa = PBXGroup;
			children = (
				EEAC0E6D28CCE1CA0079567A /* Catalog */,
				EEAC0E8C28CD3E5B0079567A /* Details */,
			);
			path = Modules;
			sourceTree = "<group>";
		};
		EEAC0E7928CD199F0079567A /* App */ = {
			isa = PBXGroup;
			children = (
				EEAC0E2728CCD0030079567A /* Assets.xcassets */,
				EEAC0E2928CCD0030079567A /* LaunchScreen.storyboard */,
				EEAC0E1E28CCD0010079567A /* AppDelegate.swift */,
				EEAC0E7F28CD23BB0079567A /* AppCoordinator.swift */,
				EEAC0E7728CD198E0079567A /* AppEnvironment.swift */,
				EEAC0E8128CD293E0079567A /* AppTheme.swift */,
				EEAC0E7B28CD1A3A0079567A /* AppConfig */,
			);
			path = App;
			sourceTree = "<group>";
		};
		EEAC0E7B28CD1A3A0079567A /* AppConfig */ = {
			isa = PBXGroup;
			children = (
				EEAC0E7A28CD1A160079567A /* AppConfig.xcconfig */,
				EEAC0E2C28CCD0030079567A /* Info.plist */,
			);
			path = AppConfig;
			sourceTree = "<group>";
		};
		EEAC0E7E28CD1E910079567A /* Views */ = {
			isa = PBXGroup;
			children = (
				EEAC0E7C28CD1E8C0079567A /* CatalogCell.swift */,
			);
			path = Views;
			sourceTree = "<group>";
		};
		EEAC0E8928CD3B6F0079567A /* Models & Errors */ = {
			isa = PBXGroup;
			children = (
				EEAC0E5B28CCD7B30079567A /* APIError.swift */,
				EEAC0E6328CCDB880079567A /* CatalogResponse.swift */,
			);
			path = "Models & Errors";
			sourceTree = "<group>";
		};
		EEAC0E8C28CD3E5B0079567A /* Details */ = {
			isa = PBXGroup;
			children = (
				EEAC0E8A28CD3E560079567A /* DetailsViewModel.swift */,
				EEAC0E8D28CD3E8D0079567A /* DetailsViewController.swift */,
				EEAC0E8F28CD3EA90079567A /* DetailsCoordinator.swift */,
				EEA5320A28CD43B900541173 /* Views */,
			);
			path = Details;
			sourceTree = "<group>";
		};
/* End PBXGroup section */

/* Begin PBXNativeTarget section */
		EEAC0E1A28CCD0010079567A /* NASA */ = {
			isa = PBXNativeTarget;
			buildConfigurationList = EEAC0E4528CCD0030079567A /* Build configuration list for PBXNativeTarget "NASA" */;
			buildPhases = (
				EEAC0E1728CCD0010079567A /* Sources */,
				EEAC0E1828CCD0010079567A /* Frameworks */,
				EEAC0E1928CCD0010079567A /* Resources */,
			);
			buildRules = (
			);
			dependencies = (
			);
			name = NASA;
			packageProductDependencies = (
			);
			productName = NASA;
			productReference = EEAC0E1B28CCD0010079567A /* NASA.app */;
			productType = "com.apple.product-type.application";
		};
		EEAC0E3028CCD0030079567A /* NASATests */ = {
			isa = PBXNativeTarget;
			buildConfigurationList = EEAC0E4828CCD0030079567A /* Build configuration list for PBXNativeTarget "NASATests" */;
			buildPhases = (
				EEAC0E2D28CCD0030079567A /* Sources */,
				EEAC0E2E28CCD0030079567A /* Frameworks */,
				EEAC0E2F28CCD0030079567A /* Resources */,
			);
			buildRules = (
			);
			dependencies = (
				EEAC0E3328CCD0030079567A /* PBXTargetDependency */,
			);
			name = NASATests;
			productName = NASATests;
			productReference = EEAC0E3128CCD0030079567A /* NASATests.xctest */;
			productType = "com.apple.product-type.bundle.unit-test";
		};
		EEAC0E3A28CCD0030079567A /* NASAUITests */ = {
			isa = PBXNativeTarget;
			buildConfigurationList = EEAC0E4B28CCD0030079567A /* Build configuration list for PBXNativeTarget "NASAUITests" */;
			buildPhases = (
				EEAC0E3728CCD0030079567A /* Sources */,
				EEAC0E3828CCD0030079567A /* Frameworks */,
				EEAC0E3928CCD0030079567A /* Resources */,
			);
			buildRules = (
			);
			dependencies = (
				EEAC0E3D28CCD0030079567A /* PBXTargetDependency */,
			);
			name = NASAUITests;
			productName = NASAUITests;
			productReference = EEAC0E3B28CCD0030079567A /* NASAUITests.xctest */;
			productType = "com.apple.product-type.bundle.ui-testing";
		};
/* End PBXNativeTarget section */

/* Begin PBXProject section */
		EEAC0E1328CCD0010079567A /* Project object */ = {
			isa = PBXProject;
			attributes = {
				BuildIndependentTargetsInParallel = 1;
				LastSwiftUpdateCheck = 1340;
				LastUpgradeCheck = 1340;
				TargetAttributes = {
					EEAC0E1A28CCD0010079567A = {
						CreatedOnToolsVersion = 13.4.1;
					};
					EEAC0E3028CCD0030079567A = {
						CreatedOnToolsVersion = 13.4.1;
						TestTargetID = EEAC0E1A28CCD0010079567A;
					};
					EEAC0E3A28CCD0030079567A = {
						CreatedOnToolsVersion = 13.4.1;
						TestTargetID = EEAC0E1A28CCD0010079567A;
					};
				};
			};
			buildConfigurationList = EEAC0E1628CCD0010079567A /* Build configuration list for PBXProject "NASA" */;
			compatibilityVersion = "Xcode 13.0";
			developmentRegion = en;
			hasScannedForEncodings = 0;
			knownRegions = (
				en,
				Base,
			);
			mainGroup = EEAC0E1228CCD0010079567A;
			packageReferences = (
			);
			productRefGroup = EEAC0E1C28CCD0010079567A /* Products */;
			projectDirPath = "";
			projectRoot = "";
			targets = (
				EEAC0E1A28CCD0010079567A /* NASA */,
				EEAC0E3028CCD0030079567A /* NASATests */,
				EEAC0E3A28CCD0030079567A /* NASAUITests */,
			);
		};
/* End PBXProject section */

/* Begin PBXResourcesBuildPhase section */
		EEAC0E1928CCD0010079567A /* Resources */ = {
			isa = PBXResourcesBuildPhase;
			buildActionMask = 2147483647;
			files = (
				EEAC0E2B28CCD0030079567A /* LaunchScreen.storyboard in Resources */,
				EEA5321328CDB25000541173 /* SampleData.json in Resources */,
				EEAC0E2828CCD0030079567A /* Assets.xcassets in Resources */,
			);
			runOnlyForDeploymentPostprocessing = 0;
		};
		EEAC0E2F28CCD0030079567A /* Resources */ = {
			isa = PBXResourcesBuildPhase;
			buildActionMask = 2147483647;
			files = (
			);
			runOnlyForDeploymentPostprocessing = 0;
		};
		EEAC0E3928CCD0030079567A /* Resources */ = {
			isa = PBXResourcesBuildPhase;
			buildActionMask = 2147483647;
			files = (
			);
			runOnlyForDeploymentPostprocessing = 0;
		};
/* End PBXResourcesBuildPhase section */

/* Begin PBXSourcesBuildPhase section */
		EEAC0E1728CCD0010079567A /* Sources */ = {
			isa = PBXSourcesBuildPhase;
			buildActionMask = 2147483647;
			files = (
				EEAC0E7028CCE1E90079567A /* CatalogViewController.swift in Sources */,
				EEA5321228CDB12300541173 /* Bundle+Extension.swift in Sources */,
				EEAC0E8228CD293E0079567A /* AppTheme.swift in Sources */,
				EEAC0E5628CCD6FA0079567A /* Publishers.swift in Sources */,
				EEAC0E7228CCE1FE0079567A /* CatalogCoordinator.swift in Sources */,
				EEAC0E8B28CD3E560079567A /* DetailsViewModel.swift in Sources */,
				EEAC0E8428CD341D0079567A /* UIImageView+Extension.swift in Sources */,
				EEAC0E5F28CCD87B0079567A /* BaseCoordinator.swift in Sources */,
				EEA5320928CD43B600541173 /* DetailsCell.swift in Sources */,
				EEAC0E5128CCD5170079567A /* Coordinator.swift in Sources */,
				EEAC0E7828CD198E0079567A /* AppEnvironment.swift in Sources */,
				EEAC0E8028CD23BB0079567A /* AppCoordinator.swift in Sources */,
				EEAC0E5428CCD5830079567A /* Logging.swift in Sources */,
				EEAC0E7628CD170D0079567A /* NasaService.swift in Sources */,
				EEAC0E2328CCD0010079567A /* BaseViewController.swift in Sources */,
				EEAC0E7D28CD1E8C0079567A /* CatalogCell.swift in Sources */,
				EEAC0E6828CCE0EB0079567A /* URLComponents+Extensions.swift in Sources */,
				EEAC0E7428CCF7250079567A /* PaginationType.swift in Sources */,
				EEAC0E8628CD34AA0079567A /* UIColor+Extension.swift in Sources */,
				EEAC0E6C28CCE1C70079567A /* CatalogViewModel.swift in Sources */,
				EEAC0E6A28CCE1110079567A /* FeedBack.swift in Sources */,
				EEAC0E4F28CCD4EC0079567A /* BaseViewModelType.swift in Sources */,
				EEA5320C28CD57EE00541173 /* UILabel+Extensions.swift in Sources */,
				EEAC0E5C28CCD7B30079567A /* APIError.swift in Sources */,
				EEAC0E1F28CCD0010079567A /* AppDelegate.swift in Sources */,
				EEAC0E6228CCD9430079567A /* Client.swift in Sources */,
				EEAC0E8E28CD3E8D0079567A /* DetailsViewController.swift in Sources */,
				EEAC0E5928CCD72A0079567A /* UITableViewCell+Extensions.swift in Sources */,
				EEAC0E9028CD3EA90079567A /* DetailsCoordinator.swift in Sources */,
				EEAC0E6428CCDB880079567A /* CatalogResponse.swift in Sources */,
			);
			runOnlyForDeploymentPostprocessing = 0;
		};
		EEAC0E2D28CCD0030079567A /* Sources */ = {
			isa = PBXSourcesBuildPhase;
			buildActionMask = 2147483647;
			files = (
				EEA5321928CDCB9800541173 /* DetailsViewModelTests.swift in Sources */,
				EEAC0E3628CCD0030079567A /* CatalogViewModelTests.swift in Sources */,
				EEA5320E28CDAF8700541173 /* MockService.swift in Sources */,
			);
			runOnlyForDeploymentPostprocessing = 0;
		};
		EEAC0E3728CCD0030079567A /* Sources */ = {
			isa = PBXSourcesBuildPhase;
			buildActionMask = 2147483647;
			files = (
				EEAC0E4028CCD0030079567A /* NASAUITests.swift in Sources */,
				EEAC0E4228CCD0030079567A /* NASAUITestsLaunchTests.swift in Sources */,
			);
			runOnlyForDeploymentPostprocessing = 0;
		};
/* End PBXSourcesBuildPhase section */

/* Begin PBXTargetDependency section */
		EEAC0E3328CCD0030079567A /* PBXTargetDependency */ = {
			isa = PBXTargetDependency;
			target = EEAC0E1A28CCD0010079567A /* NASA */;
			targetProxy = EEAC0E3228CCD0030079567A /* PBXContainerItemProxy */;
		};
		EEAC0E3D28CCD0030079567A /* PBXTargetDependency */ = {
			isa = PBXTargetDependency;
			target = EEAC0E1A28CCD0010079567A /* NASA */;
			targetProxy = EEAC0E3C28CCD0030079567A /* PBXContainerItemProxy */;
		};
/* End PBXTargetDependency section */

/* Begin PBXVariantGroup section */
		EEAC0E2928CCD0030079567A /* LaunchScreen.storyboard */ = {
			isa = PBXVariantGroup;
			children = (
				EEAC0E2A28CCD0030079567A /* Base */,
			);
			name = LaunchScreen.storyboard;
			sourceTree = "<group>";
		};
/* End PBXVariantGroup section */

/* Begin XCBuildConfiguration section */
		EEAC0E4328CCD0030079567A /* Debug */ = {
			isa = XCBuildConfiguration;
			baseConfigurationReference = EEAC0E7A28CD1A160079567A /* AppConfig.xcconfig */;
			buildSettings = {
				ALWAYS_SEARCH_USER_PATHS = NO;
				CLANG_ANALYZER_NONNULL = YES;
				CLANG_ANALYZER_NUMBER_OBJECT_CONVERSION = YES_AGGRESSIVE;
				CLANG_CXX_LANGUAGE_STANDARD = "gnu++17";
				CLANG_ENABLE_MODULES = YES;
				CLANG_ENABLE_OBJC_ARC = YES;
				CLANG_ENABLE_OBJC_WEAK = YES;
				CLANG_WARN_BLOCK_CAPTURE_AUTORELEASING = YES;
				CLANG_WARN_BOOL_CONVERSION = YES;
				CLANG_WARN_COMMA = YES;
				CLANG_WARN_CONSTANT_CONVERSION = YES;
				CLANG_WARN_DEPRECATED_OBJC_IMPLEMENTATIONS = YES;
				CLANG_WARN_DIRECT_OBJC_ISA_USAGE = YES_ERROR;
				CLANG_WARN_DOCUMENTATION_COMMENTS = YES;
				CLANG_WARN_EMPTY_BODY = YES;
				CLANG_WARN_ENUM_CONVERSION = YES;
				CLANG_WARN_INFINITE_RECURSION = YES;
				CLANG_WARN_INT_CONVERSION = YES;
				CLANG_WARN_NON_LITERAL_NULL_CONVERSION = YES;
				CLANG_WARN_OBJC_IMPLICIT_RETAIN_SELF = YES;
				CLANG_WARN_OBJC_LITERAL_CONVERSION = YES;
				CLANG_WARN_OBJC_ROOT_CLASS = YES_ERROR;
				CLANG_WARN_QUOTED_INCLUDE_IN_FRAMEWORK_HEADER = YES;
				CLANG_WARN_RANGE_LOOP_ANALYSIS = YES;
				CLANG_WARN_STRICT_PROTOTYPES = YES;
				CLANG_WARN_SUSPICIOUS_MOVE = YES;
				CLANG_WARN_UNGUARDED_AVAILABILITY = YES_AGGRESSIVE;
				CLANG_WARN_UNREACHABLE_CODE = YES;
				CLANG_WARN__DUPLICATE_METHOD_MATCH = YES;
				COPY_PHASE_STRIP = NO;
				DEBUG_INFORMATION_FORMAT = dwarf;
				ENABLE_STRICT_OBJC_MSGSEND = YES;
				ENABLE_TESTABILITY = YES;
				GCC_C_LANGUAGE_STANDARD = gnu11;
				GCC_DYNAMIC_NO_PIC = NO;
				GCC_NO_COMMON_BLOCKS = YES;
				GCC_OPTIMIZATION_LEVEL = 0;
				GCC_PREPROCESSOR_DEFINITIONS = (
					"DEBUG=1",
					"$(inherited)",
				);
				GCC_WARN_64_TO_32_BIT_CONVERSION = YES;
				GCC_WARN_ABOUT_RETURN_TYPE = YES_ERROR;
				GCC_WARN_UNDECLARED_SELECTOR = YES;
				GCC_WARN_UNINITIALIZED_AUTOS = YES_AGGRESSIVE;
				GCC_WARN_UNUSED_FUNCTION = YES;
				GCC_WARN_UNUSED_VARIABLE = YES;
				IPHONEOS_DEPLOYMENT_TARGET = 15.5;
				MTL_ENABLE_DEBUG_INFO = INCLUDE_SOURCE;
				MTL_FAST_MATH = YES;
				ONLY_ACTIVE_ARCH = YES;
				SDKROOT = iphoneos;
				SWIFT_ACTIVE_COMPILATION_CONDITIONS = DEBUG;
				SWIFT_OPTIMIZATION_LEVEL = "-Onone";
			};
			name = Debug;
		};
		EEAC0E4428CCD0030079567A /* Release */ = {
			isa = XCBuildConfiguration;
			baseConfigurationReference = EEAC0E7A28CD1A160079567A /* AppConfig.xcconfig */;
			buildSettings = {
				ALWAYS_SEARCH_USER_PATHS = NO;
				CLANG_ANALYZER_NONNULL = YES;
				CLANG_ANALYZER_NUMBER_OBJECT_CONVERSION = YES_AGGRESSIVE;
				CLANG_CXX_LANGUAGE_STANDARD = "gnu++17";
				CLANG_ENABLE_MODULES = YES;
				CLANG_ENABLE_OBJC_ARC = YES;
				CLANG_ENABLE_OBJC_WEAK = YES;
				CLANG_WARN_BLOCK_CAPTURE_AUTORELEASING = YES;
				CLANG_WARN_BOOL_CONVERSION = YES;
				CLANG_WARN_COMMA = YES;
				CLANG_WARN_CONSTANT_CONVERSION = YES;
				CLANG_WARN_DEPRECATED_OBJC_IMPLEMENTATIONS = YES;
				CLANG_WARN_DIRECT_OBJC_ISA_USAGE = YES_ERROR;
				CLANG_WARN_DOCUMENTATION_COMMENTS = YES;
				CLANG_WARN_EMPTY_BODY = YES;
				CLANG_WARN_ENUM_CONVERSION = YES;
				CLANG_WARN_INFINITE_RECURSION = YES;
				CLANG_WARN_INT_CONVERSION = YES;
				CLANG_WARN_NON_LITERAL_NULL_CONVERSION = YES;
				CLANG_WARN_OBJC_IMPLICIT_RETAIN_SELF = YES;
				CLANG_WARN_OBJC_LITERAL_CONVERSION = YES;
				CLANG_WARN_OBJC_ROOT_CLASS = YES_ERROR;
				CLANG_WARN_QUOTED_INCLUDE_IN_FRAMEWORK_HEADER = YES;
				CLANG_WARN_RANGE_LOOP_ANALYSIS = YES;
				CLANG_WARN_STRICT_PROTOTYPES = YES;
				CLANG_WARN_SUSPICIOUS_MOVE = YES;
				CLANG_WARN_UNGUARDED_AVAILABILITY = YES_AGGRESSIVE;
				CLANG_WARN_UNREACHABLE_CODE = YES;
				CLANG_WARN__DUPLICATE_METHOD_MATCH = YES;
				COPY_PHASE_STRIP = NO;
				DEBUG_INFORMATION_FORMAT = "dwarf-with-dsym";
				ENABLE_NS_ASSERTIONS = NO;
				ENABLE_STRICT_OBJC_MSGSEND = YES;
				GCC_C_LANGUAGE_STANDARD = gnu11;
				GCC_NO_COMMON_BLOCKS = YES;
				GCC_WARN_64_TO_32_BIT_CONVERSION = YES;
				GCC_WARN_ABOUT_RETURN_TYPE = YES_ERROR;
				GCC_WARN_UNDECLARED_SELECTOR = YES;
				GCC_WARN_UNINITIALIZED_AUTOS = YES_AGGRESSIVE;
				GCC_WARN_UNUSED_FUNCTION = YES;
				GCC_WARN_UNUSED_VARIABLE = YES;
				IPHONEOS_DEPLOYMENT_TARGET = 15.5;
				MTL_ENABLE_DEBUG_INFO = NO;
				MTL_FAST_MATH = YES;
				SDKROOT = iphoneos;
				SWIFT_COMPILATION_MODE = wholemodule;
				SWIFT_OPTIMIZATION_LEVEL = "-O";
				VALIDATE_PRODUCT = YES;
			};
			name = Release;
		};
		EEAC0E4628CCD0030079567A /* Debug */ = {
			isa = XCBuildConfiguration;
			buildSettings = {
				ASSETCATALOG_COMPILER_APPICON_NAME = AppIcon;
				ASSETCATALOG_COMPILER_GLOBAL_ACCENT_COLOR_NAME = AccentColor;
				CODE_SIGN_STYLE = Automatic;
				CURRENT_PROJECT_VERSION = 1;
				GENERATE_INFOPLIST_FILE = YES;
				INFOPLIST_FILE = NASA/App/AppConfig/Info.plist;
				INFOPLIST_KEY_UIApplicationSupportsIndirectInputEvents = YES;
				INFOPLIST_KEY_UILaunchStoryboardName = LaunchScreen;
				INFOPLIST_KEY_UISupportedInterfaceOrientations_iPad = "UIInterfaceOrientationPortrait UIInterfaceOrientationPortraitUpsideDown UIInterfaceOrientationLandscapeLeft UIInterfaceOrientationLandscapeRight";
				INFOPLIST_KEY_UISupportedInterfaceOrientations_iPhone = "UIInterfaceOrientationPortrait UIInterfaceOrientationLandscapeLeft UIInterfaceOrientationLandscapeRight";
				IPHONEOS_DEPLOYMENT_TARGET = 14.0;
				LD_RUNPATH_SEARCH_PATHS = (
					"$(inherited)",
					"@executable_path/Frameworks",
				);
				MARKETING_VERSION = 1.0;
				PRODUCT_BUNDLE_IDENTIFIER = com.africa.nasa;
				PRODUCT_NAME = "$(TARGET_NAME)";
				SWIFT_EMIT_LOC_STRINGS = YES;
				SWIFT_VERSION = 5.0;
				TARGETED_DEVICE_FAMILY = "1,2";
			};
			name = Debug;
		};
		EEAC0E4728CCD0030079567A /* Release */ = {
			isa = XCBuildConfiguration;
			buildSettings = {
				ASSETCATALOG_COMPILER_APPICON_NAME = AppIcon;
				ASSETCATALOG_COMPILER_GLOBAL_ACCENT_COLOR_NAME = AccentColor;
				CODE_SIGN_STYLE = Automatic;
				CURRENT_PROJECT_VERSION = 1;
				GENERATE_INFOPLIST_FILE = YES;
				INFOPLIST_FILE = NASA/App/AppConfig/Info.plist;
				INFOPLIST_KEY_UIApplicationSupportsIndirectInputEvents = YES;
				INFOPLIST_KEY_UILaunchStoryboardName = LaunchScreen;
				INFOPLIST_KEY_UISupportedInterfaceOrientations_iPad = "UIInterfaceOrientationPortrait UIInterfaceOrientationPortraitUpsideDown UIInterfaceOrientationLandscapeLeft UIInterfaceOrientationLandscapeRight";
				INFOPLIST_KEY_UISupportedInterfaceOrientations_iPhone = "UIInterfaceOrientationPortrait UIInterfaceOrientationLandscapeLeft UIInterfaceOrientationLandscapeRight";
				IPHONEOS_DEPLOYMENT_TARGET = 14.0;
				LD_RUNPATH_SEARCH_PATHS = (
					"$(inherited)",
					"@executable_path/Frameworks",
				);
				MARKETING_VERSION = 1.0;
				PRODUCT_BUNDLE_IDENTIFIER = com.africa.nasa;
				PRODUCT_NAME = "$(TARGET_NAME)";
				SWIFT_EMIT_LOC_STRINGS = YES;
				SWIFT_VERSION = 5.0;
				TARGETED_DEVICE_FAMILY = "1,2";
			};
			name = Release;
		};
		EEAC0E4928CCD0030079567A /* Debug */ = {
			isa = XCBuildConfiguration;
			buildSettings = {
				ALWAYS_EMBED_SWIFT_STANDARD_LIBRARIES = YES;
				BUNDLE_LOADER = "$(TEST_HOST)";
				CODE_SIGN_STYLE = Automatic;
				CURRENT_PROJECT_VERSION = 1;
				GENERATE_INFOPLIST_FILE = YES;
				IPHONEOS_DEPLOYMENT_TARGET = 15.5;
				MARKETING_VERSION = 1.0;
				PRODUCT_BUNDLE_IDENTIFIER = com.africa.NASATests;
				PRODUCT_NAME = "$(TARGET_NAME)";
				SWIFT_EMIT_LOC_STRINGS = NO;
				SWIFT_VERSION = 5.0;
				TARGETED_DEVICE_FAMILY = "1,2";
				TEST_HOST = "$(BUILT_PRODUCTS_DIR)/NASA.app/NASA";
			};
			name = Debug;
		};
		EEAC0E4A28CCD0030079567A /* Release */ = {
			isa = XCBuildConfiguration;
			buildSettings = {
				ALWAYS_EMBED_SWIFT_STANDARD_LIBRARIES = YES;
				BUNDLE_LOADER = "$(TEST_HOST)";
				CODE_SIGN_STYLE = Automatic;
				CURRENT_PROJECT_VERSION = 1;
				GENERATE_INFOPLIST_FILE = YES;
				IPHONEOS_DEPLOYMENT_TARGET = 15.5;
				MARKETING_VERSION = 1.0;
				PRODUCT_BUNDLE_IDENTIFIER = com.africa.NASATests;
				PRODUCT_NAME = "$(TARGET_NAME)";
				SWIFT_EMIT_LOC_STRINGS = NO;
				SWIFT_VERSION = 5.0;
				TARGETED_DEVICE_FAMILY = "1,2";
				TEST_HOST = "$(BUILT_PRODUCTS_DIR)/NASA.app/NASA";
			};
			name = Release;
		};
		EEAC0E4C28CCD0030079567A /* Debug */ = {
			isa = XCBuildConfiguration;
			buildSettings = {
				ALWAYS_EMBED_SWIFT_STANDARD_LIBRARIES = YES;
				CODE_SIGN_STYLE = Automatic;
				CURRENT_PROJECT_VERSION = 1;
				GENERATE_INFOPLIST_FILE = YES;
				MARKETING_VERSION = 1.0;
				PRODUCT_BUNDLE_IDENTIFIER = com.africa.NASAUITests;
				PRODUCT_NAME = "$(TARGET_NAME)";
				SWIFT_EMIT_LOC_STRINGS = NO;
				SWIFT_VERSION = 5.0;
				TARGETED_DEVICE_FAMILY = "1,2";
				TEST_TARGET_NAME = NASA;
			};
			name = Debug;
		};
		EEAC0E4D28CCD0030079567A /* Release */ = {
			isa = XCBuildConfiguration;
			buildSettings = {
				ALWAYS_EMBED_SWIFT_STANDARD_LIBRARIES = YES;
				CODE_SIGN_STYLE = Automatic;
				CURRENT_PROJECT_VERSION = 1;
				GENERATE_INFOPLIST_FILE = YES;
				MARKETING_VERSION = 1.0;
				PRODUCT_BUNDLE_IDENTIFIER = com.africa.NASAUITests;
				PRODUCT_NAME = "$(TARGET_NAME)";
				SWIFT_EMIT_LOC_STRINGS = NO;
				SWIFT_VERSION = 5.0;
				TARGETED_DEVICE_FAMILY = "1,2";
				TEST_TARGET_NAME = NASA;
			};
			name = Release;
		};
/* End XCBuildConfiguration section */

/* Begin XCConfigurationList section */
		EEAC0E1628CCD0010079567A /* Build configuration list for PBXProject "NASA" */ = {
			isa = XCConfigurationList;
			buildConfigurations = (
				EEAC0E4328CCD0030079567A /* Debug */,
				EEAC0E4428CCD0030079567A /* Release */,
			);
			defaultConfigurationIsVisible = 0;
			defaultConfigurationName = Release;
		};
		EEAC0E4528CCD0030079567A /* Build configuration list for PBXNativeTarget "NASA" */ = {
			isa = XCConfigurationList;
			buildConfigurations = (
				EEAC0E4628CCD0030079567A /* Debug */,
				EEAC0E4728CCD0030079567A /* Release */,
			);
			defaultConfigurationIsVisible = 0;
			defaultConfigurationName = Release;
		};
		EEAC0E4828CCD0030079567A /* Build configuration list for PBXNativeTarget "NASATests" */ = {
			isa = XCConfigurationList;
			buildConfigurations = (
				EEAC0E4928CCD0030079567A /* Debug */,
				EEAC0E4A28CCD0030079567A /* Release */,
			);
			defaultConfigurationIsVisible = 0;
			defaultConfigurationName = Release;
		};
		EEAC0E4B28CCD0030079567A /* Build configuration list for PBXNativeTarget "NASAUITests" */ = {
			isa = XCConfigurationList;
			buildConfigurations = (
				EEAC0E4C28CCD0030079567A /* Debug */,
				EEAC0E4D28CCD0030079567A /* Release */,
			);
			defaultConfigurationIsVisible = 0;
			defaultConfigurationName = Release;
		};
/* End XCConfigurationList section */
	};
	rootObject = EEAC0E1328CCD0010079567A /* Project object */;
}
